// !$*UTF8*$!
{
	archiveVersion = 1;
	classes = {
	};
	objectVersion = 56;
	objects = {

/* Begin PBXBuildFile section */
		BC15BE802B8EA9DF007C4B7E /* baobabApp.swift in Sources */ = {isa = PBXBuildFile; fileRef = BC15BE7F2B8EA9DF007C4B7E /* baobabApp.swift */; };
		BC15BE822B8EA9DF007C4B7E /* ContentView.swift in Sources */ = {isa = PBXBuildFile; fileRef = BC15BE812B8EA9DF007C4B7E /* ContentView.swift */; };
		BC15BE842B8EA9DF007C4B7E /* Item.swift in Sources */ = {isa = PBXBuildFile; fileRef = BC15BE832B8EA9DF007C4B7E /* Item.swift */; };
		BC15BE862B8EA9E1007C4B7E /* Assets.xcassets in Resources */ = {isa = PBXBuildFile; fileRef = BC15BE852B8EA9E1007C4B7E /* Assets.xcassets */; };
		BC15BE892B8EA9E1007C4B7E /* Preview Assets.xcassets in Resources */ = {isa = PBXBuildFile; fileRef = BC15BE882B8EA9E1007C4B7E /* Preview Assets.xcassets */; };
		BC15BE942B8EA9E1007C4B7E /* baobabTests.swift in Sources */ = {isa = PBXBuildFile; fileRef = BC15BE932B8EA9E1007C4B7E /* baobabTests.swift */; };
		BC15BE9E2B8EA9E1007C4B7E /* baobabUITests.swift in Sources */ = {isa = PBXBuildFile; fileRef = BC15BE9D2B8EA9E1007C4B7E /* baobabUITests.swift */; };
		BC15BEA02B8EA9E1007C4B7E /* baobabUITestsLaunchTests.swift in Sources */ = {isa = PBXBuildFile; fileRef = BC15BE9F2B8EA9E1007C4B7E /* baobabUITestsLaunchTests.swift */; };
/* End PBXBuildFile section */

/* Begin PBXContainerItemProxy section */
		BC15BE902B8EA9E1007C4B7E /* PBXContainerItemProxy */ = {
			isa = PBXContainerItemProxy;
			containerPortal = BC15BE742B8EA9DF007C4B7E /* Project object */;
			proxyType = 1;
			remoteGlobalIDString = BC15BE7B2B8EA9DF007C4B7E;
			remoteInfo = baobab;
		};
		BC15BE9A2B8EA9E1007C4B7E /* PBXContainerItemProxy */ = {
			isa = PBXContainerItemProxy;
			containerPortal = BC15BE742B8EA9DF007C4B7E /* Project object */;
			proxyType = 1;
			remoteGlobalIDString = BC15BE7B2B8EA9DF007C4B7E;
			remoteInfo = baobab;
		};
/* End PBXContainerItemProxy section */

/* Begin PBXFileReference section */
		BC15BE7C2B8EA9DF007C4B7E /* baobab.app */ = {isa = PBXFileReference; explicitFileType = wrapper.application; includeInIndex = 0; path = baobab.app; sourceTree = BUILT_PRODUCTS_DIR; };
		BC15BE7F2B8EA9DF007C4B7E /* baobabApp.swift */ = {isa = PBXFileReference; lastKnownFileType = sourcecode.swift; path = baobabApp.swift; sourceTree = "<group>"; };
		BC15BE812B8EA9DF007C4B7E /* ContentView.swift */ = {isa = PBXFileReference; lastKnownFileType = sourcecode.swift; path = ContentView.swift; sourceTree = "<group>"; };
		BC15BE832B8EA9DF007C4B7E /* Item.swift */ = {isa = PBXFileReference; lastKnownFileType = sourcecode.swift; path = Item.swift; sourceTree = "<group>"; };
		BC15BE852B8EA9E1007C4B7E /* Assets.xcassets */ = {isa = PBXFileReference; lastKnownFileType = folder.assetcatalog; path = Assets.xcassets; sourceTree = "<group>"; };
		BC15BE882B8EA9E1007C4B7E /* Preview Assets.xcassets */ = {isa = PBXFileReference; lastKnownFileType = folder.assetcatalog; path = "Preview Assets.xcassets"; sourceTree = "<group>"; };
		BC15BE8A2B8EA9E1007C4B7E /* baobab.entitlements */ = {isa = PBXFileReference; lastKnownFileType = text.plist.entitlements; path = baobab.entitlements; sourceTree = "<group>"; };
		BC15BE8F2B8EA9E1007C4B7E /* baobabTests.xctest */ = {isa = PBXFileReference; explicitFileType = wrapper.cfbundle; includeInIndex = 0; path = baobabTests.xctest; sourceTree = BUILT_PRODUCTS_DIR; };
		BC15BE932B8EA9E1007C4B7E /* baobabTests.swift */ = {isa = PBXFileReference; lastKnownFileType = sourcecode.swift; path = baobabTests.swift; sourceTree = "<group>"; };
		BC15BE992B8EA9E1007C4B7E /* baobabUITests.xctest */ = {isa = PBXFileReference; explicitFileType = wrapper.cfbundle; includeInIndex = 0; path = baobabUITests.xctest; sourceTree = BUILT_PRODUCTS_DIR; };
		BC15BE9D2B8EA9E1007C4B7E /* baobabUITests.swift */ = {isa = PBXFileReference; lastKnownFileType = sourcecode.swift; path = baobabUITests.swift; sourceTree = "<group>"; };
		BC15BE9F2B8EA9E1007C4B7E /* baobabUITestsLaunchTests.swift */ = {isa = PBXFileReference; lastKnownFileType = sourcecode.swift; path = baobabUITestsLaunchTests.swift; sourceTree = "<group>"; };
/* End PBXFileReference section */

/* Begin PBXFrameworksBuildPhase section */
		BC15BE792B8EA9DF007C4B7E /* Frameworks */ = {
			isa = PBXFrameworksBuildPhase;
			buildActionMask = 2147483647;
			files = (
			);
			runOnlyForDeploymentPostprocessing = 0;
		};
		BC15BE8C2B8EA9E1007C4B7E /* Frameworks */ = {
			isa = PBXFrameworksBuildPhase;
			buildActionMask = 2147483647;
			files = (
			);
			runOnlyForDeploymentPostprocessing = 0;
		};
		BC15BE962B8EA9E1007C4B7E /* Frameworks */ = {
			isa = PBXFrameworksBuildPhase;
			buildActionMask = 2147483647;
			files = (
			);
			runOnlyForDeploymentPostprocessing = 0;
		};
/* End PBXFrameworksBuildPhase section */

/* Begin PBXGroup section */
		BC15BE732B8EA9DF007C4B7E = {
			isa = PBXGroup;
			children = (
				BC15BE7E2B8EA9DF007C4B7E /* baobab */,
				BC15BE922B8EA9E1007C4B7E /* baobabTests */,
				BC15BE9C2B8EA9E1007C4B7E /* baobabUITests */,
				BC15BE7D2B8EA9DF007C4B7E /* Products */,
			);
			sourceTree = "<group>";
		};
		BC15BE7D2B8EA9DF007C4B7E /* Products */ = {
			isa = PBXGroup;
			children = (
				BC15BE7C2B8EA9DF007C4B7E /* baobab.app */,
				BC15BE8F2B8EA9E1007C4B7E /* baobabTests.xctest */,
				BC15BE992B8EA9E1007C4B7E /* baobabUITests.xctest */,
			);
			name = Products;
			sourceTree = "<group>";
		};
		BC15BE7E2B8EA9DF007C4B7E /* baobab */ = {
			isa = PBXGroup;
			children = (
				BC15BE7F2B8EA9DF007C4B7E /* baobabApp.swift */,
				BC15BE812B8EA9DF007C4B7E /* ContentView.swift */,
				BC15BE832B8EA9DF007C4B7E /* Item.swift */,
				BC15BE852B8EA9E1007C4B7E /* Assets.xcassets */,
				BC15BE8A2B8EA9E1007C4B7E /* baobab.entitlements */,
				BC15BE872B8EA9E1007C4B7E /* Preview Content */,
			);
			path = baobab;
			sourceTree = "<group>";
		};
		BC15BE872B8EA9E1007C4B7E /* Preview Content */ = {
			isa = PBXGroup;
			children = (
				BC15BE882B8EA9E1007C4B7E /* Preview Assets.xcassets */,
			);
			path = "Preview Content";
			sourceTree = "<group>";
		};
		BC15BE922B8EA9E1007C4B7E /* baobabTests */ = {
			isa = PBXGroup;
			children = (
				BC15BE932B8EA9E1007C4B7E /* baobabTests.swift */,
			);
			path = baobabTests;
			sourceTree = "<group>";
		};
		BC15BE9C2B8EA9E1007C4B7E /* baobabUITests */ = {
			isa = PBXGroup;
			children = (
				BC15BE9D2B8EA9E1007C4B7E /* baobabUITests.swift */,
				BC15BE9F2B8EA9E1007C4B7E /* baobabUITestsLaunchTests.swift */,
			);
			path = baobabUITests;
			sourceTree = "<group>";
		};
/* End PBXGroup section */

/* Begin PBXNativeTarget section */
		BC15BE7B2B8EA9DF007C4B7E /* baobab */ = {
			isa = PBXNativeTarget;
			buildConfigurationList = BC15BEA32B8EA9E1007C4B7E /* Build configuration list for PBXNativeTarget "baobab" */;
			buildPhases = (
				BC15BE782B8EA9DF007C4B7E /* Sources */,
				BC15BE792B8EA9DF007C4B7E /* Frameworks */,
				BC15BE7A2B8EA9DF007C4B7E /* Resources */,
			);
			buildRules = (
			);
			dependencies = (
			);
			name = baobab;
			productName = baobab;
			productReference = BC15BE7C2B8EA9DF007C4B7E /* baobab.app */;
			productType = "com.apple.product-type.application";
		};
		BC15BE8E2B8EA9E1007C4B7E /* baobabTests */ = {
			isa = PBXNativeTarget;
			buildConfigurationList = BC15BEA62B8EA9E1007C4B7E /* Build configuration list for PBXNativeTarget "baobabTests" */;
			buildPhases = (
				BC15BE8B2B8EA9E1007C4B7E /* Sources */,
				BC15BE8C2B8EA9E1007C4B7E /* Frameworks */,
				BC15BE8D2B8EA9E1007C4B7E /* Resources */,
			);
			buildRules = (
			);
			dependencies = (
				BC15BE912B8EA9E1007C4B7E /* PBXTargetDependency */,
			);
			name = baobabTests;
			productName = baobabTests;
			productReference = BC15BE8F2B8EA9E1007C4B7E /* baobabTests.xctest */;
			productType = "com.apple.product-type.bundle.unit-test";
		};
		BC15BE982B8EA9E1007C4B7E /* baobabUITests */ = {
			isa = PBXNativeTarget;
			buildConfigurationList = BC15BEA92B8EA9E1007C4B7E /* Build configuration list for PBXNativeTarget "baobabUITests" */;
			buildPhases = (
				BC15BE952B8EA9E1007C4B7E /* Sources */,
				BC15BE962B8EA9E1007C4B7E /* Frameworks */,
				BC15BE972B8EA9E1007C4B7E /* Resources */,
			);
			buildRules = (
			);
			dependencies = (
				BC15BE9B2B8EA9E1007C4B7E /* PBXTargetDependency */,
			);
			name = baobabUITests;
			productName = baobabUITests;
			productReference = BC15BE992B8EA9E1007C4B7E /* baobabUITests.xctest */;
			productType = "com.apple.product-type.bundle.ui-testing";
		};
/* End PBXNativeTarget section */

/* Begin PBXProject section */
		BC15BE742B8EA9DF007C4B7E /* Project object */ = {
			isa = PBXProject;
			attributes = {
				BuildIndependentTargetsInParallel = 1;
				LastSwiftUpdateCheck = 1520;
				LastUpgradeCheck = 1520;
				TargetAttributes = {
					BC15BE7B2B8EA9DF007C4B7E = {
						CreatedOnToolsVersion = 15.2;
					};
					BC15BE8E2B8EA9E1007C4B7E = {
						CreatedOnToolsVersion = 15.2;
						TestTargetID = BC15BE7B2B8EA9DF007C4B7E;
					};
					BC15BE982B8EA9E1007C4B7E = {
						CreatedOnToolsVersion = 15.2;
						TestTargetID = BC15BE7B2B8EA9DF007C4B7E;
					};
				};
			};
			buildConfigurationList = BC15BE772B8EA9DF007C4B7E /* Build configuration list for PBXProject "baobab" */;
			compatibilityVersion = "Xcode 14.0";
			developmentRegion = en;
			hasScannedForEncodings = 0;
			knownRegions = (
				en,
				Base,
			);
			mainGroup = BC15BE732B8EA9DF007C4B7E;
			productRefGroup = BC15BE7D2B8EA9DF007C4B7E /* Products */;
			projectDirPath = "";
			projectRoot = "";
			targets = (
				BC15BE7B2B8EA9DF007C4B7E /* baobab */,
				BC15BE8E2B8EA9E1007C4B7E /* baobabTests */,
				BC15BE982B8EA9E1007C4B7E /* baobabUITests */,
			);
		};
/* End PBXProject section */

/* Begin PBXResourcesBuildPhase section */
		BC15BE7A2B8EA9DF007C4B7E /* Resources */ = {
			isa = PBXResourcesBuildPhase;
			buildActionMask = 2147483647;
			files = (
				BC15BE892B8EA9E1007C4B7E /* Preview Assets.xcassets in Resources */,
				BC15BE862B8EA9E1007C4B7E /* Assets.xcassets in Resources */,
			);
			runOnlyForDeploymentPostprocessing = 0;
		};
		BC15BE8D2B8EA9E1007C4B7E /* Resources */ = {
			isa = PBXResourcesBuildPhase;
			buildActionMask = 2147483647;
			files = (
			);
			runOnlyForDeploymentPostprocessing = 0;
		};
		BC15BE972B8EA9E1007C4B7E /* Resources */ = {
			isa = PBXResourcesBuildPhase;
			buildActionMask = 2147483647;
			files = (
			);
			runOnlyForDeploymentPostprocessing = 0;
		};
/* End PBXResourcesBuildPhase section */

/* Begin PBXSourcesBuildPhase section */
		BC15BE782B8EA9DF007C4B7E /* Sources */ = {
			isa = PBXSourcesBuildPhase;
			buildActionMask = 2147483647;
			files = (
				BC15BE822B8EA9DF007C4B7E /* ContentView.swift in Sources */,
				BC15BE842B8EA9DF007C4B7E /* Item.swift in Sources */,
				BC15BE802B8EA9DF007C4B7E /* baobabApp.swift in Sources */,
			);
			runOnlyForDeploymentPostprocessing = 0;
		};
		BC15BE8B2B8EA9E1007C4B7E /* Sources */ = {
			isa = PBXSourcesBuildPhase;
			buildActionMask = 2147483647;
			files = (
				BC15BE942B8EA9E1007C4B7E /* baobabTests.swift in Sources */,
			);
			runOnlyForDeploymentPostprocessing = 0;
		};
		BC15BE952B8EA9E1007C4B7E /* Sources */ = {
			isa = PBXSourcesBuildPhase;
			buildActionMask = 2147483647;
			files = (
				BC15BE9E2B8EA9E1007C4B7E /* baobabUITests.swift in Sources */,
				BC15BEA02B8EA9E1007C4B7E /* baobabUITestsLaunchTests.swift in Sources */,
			);
			runOnlyForDeploymentPostprocessing = 0;
		};
/* End PBXSourcesBuildPhase section */

/* Begin PBXTargetDependency section */
		BC15BE912B8EA9E1007C4B7E /* PBXTargetDependency */ = {
			isa = PBXTargetDependency;
			target = BC15BE7B2B8EA9DF007C4B7E /* baobab */;
			targetProxy = BC15BE902B8EA9E1007C4B7E /* PBXContainerItemProxy */;
		};
		BC15BE9B2B8EA9E1007C4B7E /* PBXTargetDependency */ = {
			isa = PBXTargetDependency;
			target = BC15BE7B2B8EA9DF007C4B7E /* baobab */;
			targetProxy = BC15BE9A2B8EA9E1007C4B7E /* PBXContainerItemProxy */;
		};
/* End PBXTargetDependency section */

/* Begin XCBuildConfiguration section */
		BC15BEA12B8EA9E1007C4B7E /* Debug */ = {
			isa = XCBuildConfiguration;
			buildSettings = {
				ALWAYS_SEARCH_USER_PATHS = NO;
				ASSETCATALOG_COMPILER_GENERATE_SWIFT_ASSET_SYMBOL_EXTENSIONS = YES;
				CLANG_ANALYZER_NONNULL = YES;
				CLANG_ANALYZER_NUMBER_OBJECT_CONVERSION = YES_AGGRESSIVE;
				CLANG_CXX_LANGUAGE_STANDARD = "gnu++20";
				CLANG_ENABLE_MODULES = YES;
				CLANG_ENABLE_OBJC_ARC = YES;
				CLANG_ENABLE_OBJC_WEAK = YES;
				CLANG_WARN_BLOCK_CAPTURE_AUTORELEASING = YES;
				CLANG_WARN_BOOL_CONVERSION = YES;
				CLANG_WARN_COMMA = YES;
				CLANG_WARN_CONSTANT_CONVERSION = YES;
				CLANG_WARN_DEPRECATED_OBJC_IMPLEMENTATIONS = YES;
				CLANG_WARN_DIRECT_OBJC_ISA_USAGE = YES_ERROR;
				CLANG_WARN_DOCUMENTATION_COMMENTS = YES;
				CLANG_WARN_EMPTY_BODY = YES;
				CLANG_WARN_ENUM_CONVERSION = YES;
				CLANG_WARN_INFINITE_RECURSION = YES;
				CLANG_WARN_INT_CONVERSION = YES;
				CLANG_WARN_NON_LITERAL_NULL_CONVERSION = YES;
				CLANG_WARN_OBJC_IMPLICIT_RETAIN_SELF = YES;
				CLANG_WARN_OBJC_LITERAL_CONVERSION = YES;
				CLANG_WARN_OBJC_ROOT_CLASS = YES_ERROR;
				CLANG_WARN_QUOTED_INCLUDE_IN_FRAMEWORK_HEADER = YES;
				CLANG_WARN_RANGE_LOOP_ANALYSIS = YES;
				CLANG_WARN_STRICT_PROTOTYPES = YES;
				CLANG_WARN_SUSPICIOUS_MOVE = YES;
				CLANG_WARN_UNGUARDED_AVAILABILITY = YES_AGGRESSIVE;
				CLANG_WARN_UNREACHABLE_CODE = YES;
				CLANG_WARN__DUPLICATE_METHOD_MATCH = YES;
				COPY_PHASE_STRIP = NO;
				DEBUG_INFORMATION_FORMAT = dwarf;
				ENABLE_STRICT_OBJC_MSGSEND = YES;
				ENABLE_TESTABILITY = YES;
				ENABLE_USER_SCRIPT_SANDBOXING = YES;
				GCC_C_LANGUAGE_STANDARD = gnu17;
				GCC_DYNAMIC_NO_PIC = NO;
				GCC_NO_COMMON_BLOCKS = YES;
				GCC_OPTIMIZATION_LEVEL = 0;
				GCC_PREPROCESSOR_DEFINITIONS = (
					"DEBUG=1",
					"$(inherited)",
				);
				GCC_WARN_64_TO_32_BIT_CONVERSION = YES;
				GCC_WARN_ABOUT_RETURN_TYPE = YES_ERROR;
				GCC_WARN_UNDECLARED_SELECTOR = YES;
				GCC_WARN_UNINITIALIZED_AUTOS = YES_AGGRESSIVE;
				GCC_WARN_UNUSED_FUNCTION = YES;
				GCC_WARN_UNUSED_VARIABLE = YES;
				LOCALIZATION_PREFERS_STRING_CATALOGS = YES;
				MACOSX_DEPLOYMENT_TARGET = 14.2;
				MTL_ENABLE_DEBUG_INFO = INCLUDE_SOURCE;
				MTL_FAST_MATH = YES;
				ONLY_ACTIVE_ARCH = YES;
				SDKROOT = macosx;
				SWIFT_ACTIVE_COMPILATION_CONDITIONS = "DEBUG $(inherited)";
				SWIFT_OPTIMIZATION_LEVEL = "-Onone";
			};
			name = Debug;
		};
		BC15BEA22B8EA9E1007C4B7E /* Release */ = {
			isa = XCBuildConfiguration;
			buildSettings = {
				ALWAYS_SEARCH_USER_PATHS = NO;
				ASSETCATALOG_COMPILER_GENERATE_SWIFT_ASSET_SYMBOL_EXTENSIONS = YES;
				CLANG_ANALYZER_NONNULL = YES;
				CLANG_ANALYZER_NUMBER_OBJECT_CONVERSION = YES_AGGRESSIVE;
				CLANG_CXX_LANGUAGE_STANDARD = "gnu++20";
				CLANG_ENABLE_MODULES = YES;
				CLANG_ENABLE_OBJC_ARC = YES;
				CLANG_ENABLE_OBJC_WEAK = YES;
				CLANG_WARN_BLOCK_CAPTURE_AUTORELEASING = YES;
				CLANG_WARN_BOOL_CONVERSION = YES;
				CLANG_WARN_COMMA = YES;
				CLANG_WARN_CONSTANT_CONVERSION = YES;
				CLANG_WARN_DEPRECATED_OBJC_IMPLEMENTATIONS = YES;
				CLANG_WARN_DIRECT_OBJC_ISA_USAGE = YES_ERROR;
				CLANG_WARN_DOCUMENTATION_COMMENTS = YES;
				CLANG_WARN_EMPTY_BODY = YES;
				CLANG_WARN_ENUM_CONVERSION = YES;
				CLANG_WARN_INFINITE_RECURSION = YES;
				CLANG_WARN_INT_CONVERSION = YES;
				CLANG_WARN_NON_LITERAL_NULL_CONVERSION = YES;
				CLANG_WARN_OBJC_IMPLICIT_RETAIN_SELF = YES;
				CLANG_WARN_OBJC_LITERAL_CONVERSION = YES;
				CLANG_WARN_OBJC_ROOT_CLASS = YES_ERROR;
				CLANG_WARN_QUOTED_INCLUDE_IN_FRAMEWORK_HEADER = YES;
				CLANG_WARN_RANGE_LOOP_ANALYSIS = YES;
				CLANG_WARN_STRICT_PROTOTYPES = YES;
				CLANG_WARN_SUSPICIOUS_MOVE = YES;
				CLANG_WARN_UNGUARDED_AVAILABILITY = YES_AGGRESSIVE;
				CLANG_WARN_UNREACHABLE_CODE = YES;
				CLANG_WARN__DUPLICATE_METHOD_MATCH = YES;
				COPY_PHASE_STRIP = NO;
				DEBUG_INFORMATION_FORMAT = "dwarf-with-dsym";
				ENABLE_NS_ASSERTIONS = NO;
				ENABLE_STRICT_OBJC_MSGSEND = YES;
				ENABLE_USER_SCRIPT_SANDBOXING = YES;
				GCC_C_LANGUAGE_STANDARD = gnu17;
				GCC_NO_COMMON_BLOCKS = YES;
				GCC_WARN_64_TO_32_BIT_CONVERSION = YES;
				GCC_WARN_ABOUT_RETURN_TYPE = YES_ERROR;
				GCC_WARN_UNDECLARED_SELECTOR = YES;
				GCC_WARN_UNINITIALIZED_AUTOS = YES_AGGRESSIVE;
				GCC_WARN_UNUSED_FUNCTION = YES;
				GCC_WARN_UNUSED_VARIABLE = YES;
				LOCALIZATION_PREFERS_STRING_CATALOGS = YES;
				MACOSX_DEPLOYMENT_TARGET = 14.2;
				MTL_ENABLE_DEBUG_INFO = NO;
				MTL_FAST_MATH = YES;
				SDKROOT = macosx;
				SWIFT_COMPILATION_MODE = wholemodule;
			};
			name = Release;
		};
		BC15BEA42B8EA9E1007C4B7E /* Debug */ = {
			isa = XCBuildConfiguration;
			buildSettings = {
				ASSETCATALOG_COMPILER_APPICON_NAME = AppIcon;
				ASSETCATALOG_COMPILER_GLOBAL_ACCENT_COLOR_NAME = AccentColor;
				CODE_SIGN_ENTITLEMENTS = baobab/baobab.entitlements;
				CODE_SIGN_STYLE = Automatic;
				COMBINE_HIDPI_IMAGES = YES;
				CURRENT_PROJECT_VERSION = 1;
				DEVELOPMENT_ASSET_PATHS = "\"baobab/Preview Content\"";
				DEVELOPMENT_TEAM = W369BZ7975;
				ENABLE_HARDENED_RUNTIME = YES;
				ENABLE_PREVIEWS = YES;
				GENERATE_INFOPLIST_FILE = YES;
				INFOPLIST_KEY_NSHumanReadableCopyright = "";
				LD_RUNPATH_SEARCH_PATHS = (
					"$(inherited)",
					"@executable_path/../Frameworks",
				);
				MACOSX_DEPLOYMENT_TARGET = 14.0;
				MARKETING_VERSION = 1.0;
				PRODUCT_BUNDLE_IDENTIFIER = relsto.baobab;
				PRODUCT_NAME = "$(TARGET_NAME)";
				SWIFT_EMIT_LOC_STRINGS = YES;
				SWIFT_VERSION = 5.0;
			};
			name = Debug;
		};
		BC15BEA52B8EA9E1007C4B7E /* Release */ = {
			isa = XCBuildConfiguration;
			buildSettings = {
				ASSETCATALOG_COMPILER_APPICON_NAME = AppIcon;
				ASSETCATALOG_COMPILER_GLOBAL_ACCENT_COLOR_NAME = AccentColor;
				CODE_SIGN_ENTITLEMENTS = baobab/baobab.entitlements;
				CODE_SIGN_STYLE = Automatic;
				COMBINE_HIDPI_IMAGES = YES;
				CURRENT_PROJECT_VERSION = 1;
				DEVELOPMENT_ASSET_PATHS = "\"baobab/Preview Content\"";
				DEVELOPMENT_TEAM = W369BZ7975;
				ENABLE_HARDENED_RUNTIME = YES;
				ENABLE_PREVIEWS = YES;
				GENERATE_INFOPLIST_FILE = YES;
				INFOPLIST_KEY_NSHumanReadableCopyright = "";
				LD_RUNPATH_SEARCH_PATHS = (
					"$(inherited)",
					"@executable_path/../Frameworks",
				);
				MACOSX_DEPLOYMENT_TARGET = 14.0;
				MARKETING_VERSION = 1.0;
				PRODUCT_BUNDLE_IDENTIFIER = relsto.baobab;
				PRODUCT_NAME = "$(TARGET_NAME)";
				SWIFT_EMIT_LOC_STRINGS = YES;
				SWIFT_VERSION = 5.0;
			};
			name = Release;
		};
		BC15BEA72B8EA9E1007C4B7E /* Debug */ = {
			isa = XCBuildConfiguration;
			buildSettings = {
				ALWAYS_EMBED_SWIFT_STANDARD_LIBRARIES = YES;
				BUNDLE_LOADER = "$(TEST_HOST)";
				CODE_SIGN_STYLE = Automatic;
				CURRENT_PROJECT_VERSION = 1;
				DEVELOPMENT_TEAM = W369BZ7975;
				GENERATE_INFOPLIST_FILE = YES;
				MACOSX_DEPLOYMENT_TARGET = 14.0;
				MARKETING_VERSION = 1.0;
				PRODUCT_BUNDLE_IDENTIFIER = relsto.baobabTests;
				PRODUCT_NAME = "$(TARGET_NAME)";
				SWIFT_EMIT_LOC_STRINGS = NO;
				SWIFT_VERSION = 5.0;
				TEST_HOST = "$(BUILT_PRODUCTS_DIR)/baobab.app/$(BUNDLE_EXECUTABLE_FOLDER_PATH)/baobab";
			};
			name = Debug;
		};
		BC15BEA82B8EA9E1007C4B7E /* Release */ = {
			isa = XCBuildConfiguration;
			buildSettings = {
				ALWAYS_EMBED_SWIFT_STANDARD_LIBRARIES = YES;
				BUNDLE_LOADER = "$(TEST_HOST)";
				CODE_SIGN_STYLE = Automatic;
				CURRENT_PROJECT_VERSION = 1;
				DEVELOPMENT_TEAM = W369BZ7975;
				GENERATE_INFOPLIST_FILE = YES;
				MACOSX_DEPLOYMENT_TARGET = 14.0;
				MARKETING_VERSION = 1.0;
				PRODUCT_BUNDLE_IDENTIFIER = relsto.baobabTests;
				PRODUCT_NAME = "$(TARGET_NAME)";
				SWIFT_EMIT_LOC_STRINGS = NO;
				SWIFT_VERSION = 5.0;
				TEST_HOST = "$(BUILT_PRODUCTS_DIR)/baobab.app/$(BUNDLE_EXECUTABLE_FOLDER_PATH)/baobab";
			};
			name = Release;
		};
		BC15BEAA2B8EA9E1007C4B7E /* Debug */ = {
			isa = XCBuildConfiguration;
			buildSettings = {
				ALWAYS_EMBED_SWIFT_STANDARD_LIBRARIES = YES;
				CODE_SIGN_STYLE = Automatic;
				CURRENT_PROJECT_VERSION = 1;
				DEVELOPMENT_TEAM = W369BZ7975;
				GENERATE_INFOPLIST_FILE = YES;
				MARKETING_VERSION = 1.0;
				PRODUCT_BUNDLE_IDENTIFIER = relsto.baobabUITests;
				PRODUCT_NAME = "$(TARGET_NAME)";
				SWIFT_EMIT_LOC_STRINGS = NO;
				SWIFT_VERSION = 5.0;
				TEST_TARGET_NAME = baobab;
			};
			name = Debug;
		};
		BC15BEAB2B8EA9E1007C4B7E /* Release */ = {
			isa = XCBuildConfiguration;
			buildSettings = {
				ALWAYS_EMBED_SWIFT_STANDARD_LIBRARIES = YES;
				CODE_SIGN_STYLE = Automatic;
				CURRENT_PROJECT_VERSION = 1;
				DEVELOPMENT_TEAM = W369BZ7975;
				GENERATE_INFOPLIST_FILE = YES;
				MARKETING_VERSION = 1.0;
				PRODUCT_BUNDLE_IDENTIFIER = relsto.baobabUITests;
				PRODUCT_NAME = "$(TARGET_NAME)";
				SWIFT_EMIT_LOC_STRINGS = NO;
				SWIFT_VERSION = 5.0;
				TEST_TARGET_NAME = baobab;
			};
			name = Release;
		};
/* End XCBuildConfiguration section */

/* Begin XCConfigurationList section */
		BC15BE772B8EA9DF007C4B7E /* Build configuration list for PBXProject "baobab" */ = {
			isa = XCConfigurationList;
			buildConfigurations = (
				BC15BEA12B8EA9E1007C4B7E /* Debug */,
				BC15BEA22B8EA9E1007C4B7E /* Release */,
			);
			defaultConfigurationIsVisible = 0;
			defaultConfigurationName = Release;
		};
		BC15BEA32B8EA9E1007C4B7E /* Build configuration list for PBXNativeTarget "baobab" */ = {
			isa = XCConfigurationList;
			buildConfigurations = (
				BC15BEA42B8EA9E1007C4B7E /* Debug */,
				BC15BEA52B8EA9E1007C4B7E /* Release */,
			);
			defaultConfigurationIsVisible = 0;
			defaultConfigurationName = Release;
		};
		BC15BEA62B8EA9E1007C4B7E /* Build configuration list for PBXNativeTarget "baobabTests" */ = {
			isa = XCConfigurationList;
			buildConfigurations = (
				BC15BEA72B8EA9E1007C4B7E /* Debug */,
				BC15BEA82B8EA9E1007C4B7E /* Release */,
			);
			defaultConfigurationIsVisible = 0;
			defaultConfigurationName = Release;
		};
		BC15BEA92B8EA9E1007C4B7E /* Build configuration list for PBXNativeTarget "baobabUITests" */ = {
			isa = XCConfigurationList;
			buildConfigurations = (
				BC15BEAA2B8EA9E1007C4B7E /* Debug */,
				BC15BEAB2B8EA9E1007C4B7E /* Release */,
			);
			defaultConfigurationIsVisible = 0;
			defaultConfigurationName = Release;
		};
/* End XCConfigurationList section */
	};
	rootObject = BC15BE742B8EA9DF007C4B7E /* Project object */;
}
